// !$*UTF8*$!
{
	archiveVersion = 1;
	classes = {
	};
	objectVersion = 52;
	objects = {

/* Begin PBXBuildFile section */
		AD16832C257A3E6500913496 /* instagramswiftuiApp.swift in Sources */ = {isa = PBXBuildFile; fileRef = AD16832B257A3E6500913496 /* instagramswiftuiApp.swift */; };
		AD16832E257A3E6500913496 /* SigninView.swift in Sources */ = {isa = PBXBuildFile; fileRef = AD16832D257A3E6500913496 /* SigninView.swift */; };
		AD168330257A3E6700913496 /* Assets.xcassets in Resources */ = {isa = PBXBuildFile; fileRef = AD16832F257A3E6700913496 /* Assets.xcassets */; };
		AD168333257A3E6700913496 /* Preview Assets.xcassets in Resources */ = {isa = PBXBuildFile; fileRef = AD168332257A3E6700913496 /* Preview Assets.xcassets */; };
		AD16833E257A701200913496 /* SigninButton.swift in Sources */ = {isa = PBXBuildFile; fileRef = AD16833D257A701000913496 /* SigninButton.swift */; };
		AD168345257A70C000913496 /* PasswordTextField.swift in Sources */ = {isa = PBXBuildFile; fileRef = AD168344257A70C000913496 /* PasswordTextField.swift */; };
		AD168348257A70E400913496 /* EmailTextField.swift in Sources */ = {isa = PBXBuildFile; fileRef = AD168347257A70E400913496 /* EmailTextField.swift */; };
		AD16834B257A711700913496 /* HeaderView.swift in Sources */ = {isa = PBXBuildFile; fileRef = AD16834A257A711700913496 /* HeaderView.swift */; };
		AD16834E257A718700913496 /* Modifiers.swift in Sources */ = {isa = PBXBuildFile; fileRef = AD16834D257A718700913496 /* Modifiers.swift */; };
		AD168352257A747700913496 /* Constants.swift in Sources */ = {isa = PBXBuildFile; fileRef = AD168351257A747700913496 /* Constants.swift */; };
		AD7D02E7257B74DA00B176F7 /* SignupView.swift in Sources */ = {isa = PBXBuildFile; fileRef = AD7D02E6257B74DA00B176F7 /* SignupView.swift */; };
		AD7D02EB257B775F00B176F7 /* UsernameTextField.swift in Sources */ = {isa = PBXBuildFile; fileRef = AD7D02EA257B775F00B176F7 /* UsernameTextField.swift */; };
		AD7D02EE257B79EB00B176F7 /* SignupButton.swift in Sources */ = {isa = PBXBuildFile; fileRef = AD7D02ED257B79EB00B176F7 /* SignupButton.swift */; };
		AD8F5675257BD3110081001F /* GoogleService-Info.plist in Resources */ = {isa = PBXBuildFile; fileRef = AD8F5674257BD3110081001F /* GoogleService-Info.plist */; };
		AD8F5679257BD6C00081001F /* FirebaseFirestore in Frameworks */ = {isa = PBXBuildFile; productRef = AD8F5678257BD6C00081001F /* FirebaseFirestore */; };
		AD8F567B257BD6C00081001F /* FirebaseDatabase in Frameworks */ = {isa = PBXBuildFile; productRef = AD8F567A257BD6C00081001F /* FirebaseDatabase */; };
		AD8F567D257BD6C00081001F /* FirebaseFirestoreSwift-Beta in Frameworks */ = {isa = PBXBuildFile; productRef = AD8F567C257BD6C00081001F /* FirebaseFirestoreSwift-Beta */; };
		AD8F567F257BD6C00081001F /* FirebaseStorageSwift-Beta in Frameworks */ = {isa = PBXBuildFile; productRef = AD8F567E257BD6C00081001F /* FirebaseStorageSwift-Beta */; };
		AD8F5681257BD6C00081001F /* FirebaseStorage in Frameworks */ = {isa = PBXBuildFile; productRef = AD8F5680257BD6C00081001F /* FirebaseStorage */; };
		AD8F5683257BD6C00081001F /* FirebaseFunctions in Frameworks */ = {isa = PBXBuildFile; productRef = AD8F5682257BD6C00081001F /* FirebaseFunctions */; };
		AD8F5685257BD6C00081001F /* FirebaseAuth in Frameworks */ = {isa = PBXBuildFile; productRef = AD8F5684257BD6C00081001F /* FirebaseAuth */; };
		AD8F5687257BD6C00081001F /* FirebaseInAppMessaging-Beta in Frameworks */ = {isa = PBXBuildFile; productRef = AD8F5686257BD6C00081001F /* FirebaseInAppMessaging-Beta */; };
		AD8F568A257BDB340081001F /* ImagePicker.swift in Sources */ = {isa = PBXBuildFile; fileRef = AD8F5689257BDB340081001F /* ImagePicker.swift */; };
		AD8F568F257C8D0F0081001F /* User.swift in Sources */ = {isa = PBXBuildFile; fileRef = AD8F568E257C8D0E0081001F /* User.swift */; };
		AD8F5693257C90B00081001F /* Extensions.swift in Sources */ = {isa = PBXBuildFile; fileRef = AD8F5692257C90B00081001F /* Extensions.swift */; };
		AD8F569A257C92910081001F /* SignupViewModel.swift in Sources */ = {isa = PBXBuildFile; fileRef = AD8F5699257C92910081001F /* SignupViewModel.swift */; };
		AD8F569D257CBDEC0081001F /* AuthService.swift in Sources */ = {isa = PBXBuildFile; fileRef = AD8F569C257CBDEC0081001F /* AuthService.swift */; };
		AD8F56A0257CBE380081001F /* StorageService.swift in Sources */ = {isa = PBXBuildFile; fileRef = AD8F569F257CBE380081001F /* StorageService.swift */; };
		AD8F56A3257D10B70081001F /* SigninViewModel.swift in Sources */ = {isa = PBXBuildFile; fileRef = AD8F56A2257D10B70081001F /* SigninViewModel.swift */; };
		AD90D4DD257E5BEF00040F4E /* InitialView.swift in Sources */ = {isa = PBXBuildFile; fileRef = AD90D4DC257E5BEF00040F4E /* InitialView.swift */; };
		AD90D4E1257E5CDA00040F4E /* SessionStore.swift in Sources */ = {isa = PBXBuildFile; fileRef = AD90D4E0257E5CDA00040F4E /* SessionStore.swift */; };
		AD90D4E5257E5F7800040F4E /* MainView.swift in Sources */ = {isa = PBXBuildFile; fileRef = AD90D4E4257E5F7800040F4E /* MainView.swift */; };
		AD90D4E8257F151800040F4E /* SearchBar.swift in Sources */ = {isa = PBXBuildFile; fileRef = AD90D4E7257F151800040F4E /* SearchBar.swift */; };
		AD90D4EB257F21A500040F4E /* HomeView.swift in Sources */ = {isa = PBXBuildFile; fileRef = AD90D4EA257F21A500040F4E /* HomeView.swift */; };
		AD90D4EE257F326F00040F4E /* Story.swift in Sources */ = {isa = PBXBuildFile; fileRef = AD90D4ED257F326F00040F4E /* Story.swift */; };
/* End PBXBuildFile section */

/* Begin PBXFileReference section */
		AD168328257A3E6500913496 /* instagramswiftui.app */ = {isa = PBXFileReference; explicitFileType = wrapper.application; includeInIndex = 0; path = instagramswiftui.app; sourceTree = BUILT_PRODUCTS_DIR; };
		AD16832B257A3E6500913496 /* instagramswiftuiApp.swift */ = {isa = PBXFileReference; lastKnownFileType = sourcecode.swift; path = instagramswiftuiApp.swift; sourceTree = "<group>"; };
		AD16832D257A3E6500913496 /* SigninView.swift */ = {isa = PBXFileReference; lastKnownFileType = sourcecode.swift; path = SigninView.swift; sourceTree = "<group>"; };
		AD16832F257A3E6700913496 /* Assets.xcassets */ = {isa = PBXFileReference; lastKnownFileType = folder.assetcatalog; path = Assets.xcassets; sourceTree = "<group>"; };
		AD168332257A3E6700913496 /* Preview Assets.xcassets */ = {isa = PBXFileReference; lastKnownFileType = folder.assetcatalog; path = "Preview Assets.xcassets"; sourceTree = "<group>"; };
		AD168334257A3E6700913496 /* Info.plist */ = {isa = PBXFileReference; lastKnownFileType = text.plist.xml; path = Info.plist; sourceTree = "<group>"; };
		AD16833D257A701000913496 /* SigninButton.swift */ = {isa = PBXFileReference; lastKnownFileType = sourcecode.swift; path = SigninButton.swift; sourceTree = "<group>"; };
		AD168344257A70C000913496 /* PasswordTextField.swift */ = {isa = PBXFileReference; lastKnownFileType = sourcecode.swift; path = PasswordTextField.swift; sourceTree = "<group>"; };
		AD168347257A70E400913496 /* EmailTextField.swift */ = {isa = PBXFileReference; lastKnownFileType = sourcecode.swift; path = EmailTextField.swift; sourceTree = "<group>"; };
		AD16834A257A711700913496 /* HeaderView.swift */ = {isa = PBXFileReference; lastKnownFileType = sourcecode.swift; path = HeaderView.swift; sourceTree = "<group>"; };
		AD16834D257A718700913496 /* Modifiers.swift */ = {isa = PBXFileReference; lastKnownFileType = sourcecode.swift; path = Modifiers.swift; sourceTree = "<group>"; };
		AD168351257A747700913496 /* Constants.swift */ = {isa = PBXFileReference; lastKnownFileType = sourcecode.swift; path = Constants.swift; sourceTree = "<group>"; };
		AD7D02E6257B74DA00B176F7 /* SignupView.swift */ = {isa = PBXFileReference; lastKnownFileType = sourcecode.swift; path = SignupView.swift; sourceTree = "<group>"; };
		AD7D02EA257B775F00B176F7 /* UsernameTextField.swift */ = {isa = PBXFileReference; lastKnownFileType = sourcecode.swift; path = UsernameTextField.swift; sourceTree = "<group>"; };
		AD7D02ED257B79EB00B176F7 /* SignupButton.swift */ = {isa = PBXFileReference; lastKnownFileType = sourcecode.swift; path = SignupButton.swift; sourceTree = "<group>"; };
		AD8F5674257BD3110081001F /* GoogleService-Info.plist */ = {isa = PBXFileReference; fileEncoding = 4; lastKnownFileType = text.plist.xml; path = "GoogleService-Info.plist"; sourceTree = "<group>"; };
		AD8F5689257BDB340081001F /* ImagePicker.swift */ = {isa = PBXFileReference; lastKnownFileType = sourcecode.swift; path = ImagePicker.swift; sourceTree = "<group>"; };
		AD8F568E257C8D0E0081001F /* User.swift */ = {isa = PBXFileReference; lastKnownFileType = sourcecode.swift; path = User.swift; sourceTree = "<group>"; };
		AD8F5692257C90B00081001F /* Extensions.swift */ = {isa = PBXFileReference; lastKnownFileType = sourcecode.swift; path = Extensions.swift; sourceTree = "<group>"; };
		AD8F5699257C92910081001F /* SignupViewModel.swift */ = {isa = PBXFileReference; lastKnownFileType = sourcecode.swift; path = SignupViewModel.swift; sourceTree = "<group>"; };
		AD8F569C257CBDEC0081001F /* AuthService.swift */ = {isa = PBXFileReference; lastKnownFileType = sourcecode.swift; path = AuthService.swift; sourceTree = "<group>"; };
		AD8F569F257CBE380081001F /* StorageService.swift */ = {isa = PBXFileReference; lastKnownFileType = sourcecode.swift; path = StorageService.swift; sourceTree = "<group>"; };
		AD8F56A2257D10B70081001F /* SigninViewModel.swift */ = {isa = PBXFileReference; lastKnownFileType = sourcecode.swift; path = SigninViewModel.swift; sourceTree = "<group>"; };
		AD90D4DC257E5BEF00040F4E /* InitialView.swift */ = {isa = PBXFileReference; lastKnownFileType = sourcecode.swift; path = InitialView.swift; sourceTree = "<group>"; };
		AD90D4E0257E5CDA00040F4E /* SessionStore.swift */ = {isa = PBXFileReference; lastKnownFileType = sourcecode.swift; path = SessionStore.swift; sourceTree = "<group>"; };
		AD90D4E4257E5F7800040F4E /* MainView.swift */ = {isa = PBXFileReference; lastKnownFileType = sourcecode.swift; path = MainView.swift; sourceTree = "<group>"; };
		AD90D4E7257F151800040F4E /* SearchBar.swift */ = {isa = PBXFileReference; lastKnownFileType = sourcecode.swift; path = SearchBar.swift; sourceTree = "<group>"; };
		AD90D4EA257F21A500040F4E /* HomeView.swift */ = {isa = PBXFileReference; lastKnownFileType = sourcecode.swift; path = HomeView.swift; sourceTree = "<group>"; };
		AD90D4ED257F326F00040F4E /* Story.swift */ = {isa = PBXFileReference; lastKnownFileType = sourcecode.swift; path = Story.swift; sourceTree = "<group>"; };
/* End PBXFileReference section */

/* Begin PBXFrameworksBuildPhase section */
		AD168325257A3E6500913496 /* Frameworks */ = {
			isa = PBXFrameworksBuildPhase;
			buildActionMask = 2147483647;
			files = (
				AD8F567D257BD6C00081001F /* FirebaseFirestoreSwift-Beta in Frameworks */,
				AD8F567F257BD6C00081001F /* FirebaseStorageSwift-Beta in Frameworks */,
				AD8F567B257BD6C00081001F /* FirebaseDatabase in Frameworks */,
				AD8F5687257BD6C00081001F /* FirebaseInAppMessaging-Beta in Frameworks */,
				AD8F5683257BD6C00081001F /* FirebaseFunctions in Frameworks */,
				AD8F5681257BD6C00081001F /* FirebaseStorage in Frameworks */,
				AD8F5685257BD6C00081001F /* FirebaseAuth in Frameworks */,
				AD8F5679257BD6C00081001F /* FirebaseFirestore in Frameworks */,
			);
			runOnlyForDeploymentPostprocessing = 0;
		};
/* End PBXFrameworksBuildPhase section */

/* Begin PBXGroup section */
		AD16831F257A3E6500913496 = {
			isa = PBXGroup;
			children = (
				AD16832A257A3E6500913496 /* instagramswiftui */,
				AD168329257A3E6500913496 /* Products */,
			);
			sourceTree = "<group>";
		};
		AD168329257A3E6500913496 /* Products */ = {
			isa = PBXGroup;
			children = (
				AD168328257A3E6500913496 /* instagramswiftui.app */,
			);
			name = Products;
			sourceTree = "<group>";
		};
		AD16832A257A3E6500913496 /* instagramswiftui */ = {
			isa = PBXGroup;
			children = (
				AD168350257A745D00913496 /* Helpers */,
				AD8F568D257C8CF90081001F /* Model */,
				AD8F568C257C8CEB0081001F /* ViewModel */,
				AD16833B257A6FCA00913496 /* Views */,
				AD16832B257A3E6500913496 /* instagramswiftuiApp.swift */,
				AD16832F257A3E6700913496 /* Assets.xcassets */,
				AD168334257A3E6700913496 /* Info.plist */,
				AD8F5674257BD3110081001F /* GoogleService-Info.plist */,
				AD168331257A3E6700913496 /* Preview Content */,
			);
			path = instagramswiftui;
			sourceTree = "<group>";
		};
		AD168331257A3E6700913496 /* Preview Content */ = {
			isa = PBXGroup;
			children = (
				AD168332257A3E6700913496 /* Preview Assets.xcassets */,
			);
			path = "Preview Content";
			sourceTree = "<group>";
		};
		AD16833B257A6FCA00913496 /* Views */ = {
			isa = PBXGroup;
			children = (
				AD90D4DF257E5CBF00040F4E /* Initial */,
				AD7D02E5257B74C700B176F7 /* Screens */,
				AD16833C257A6FDE00913496 /* Components */,
			);
			path = Views;
			sourceTree = "<group>";
		};
		AD16833C257A6FDE00913496 /* Components */ = {
			isa = PBXGroup;
			children = (
				AD16833D257A701000913496 /* SigninButton.swift */,
				AD168344257A70C000913496 /* PasswordTextField.swift */,
				AD168347257A70E400913496 /* EmailTextField.swift */,
				AD16834A257A711700913496 /* HeaderView.swift */,
				AD7D02EA257B775F00B176F7 /* UsernameTextField.swift */,
				AD7D02ED257B79EB00B176F7 /* SignupButton.swift */,
				AD90D4E7257F151800040F4E /* SearchBar.swift */,
				AD90D4ED257F326F00040F4E /* Story.swift */,
			);
			path = Components;
			sourceTree = "<group>";
		};
		AD168350257A745D00913496 /* Helpers */ = {
			isa = PBXGroup;
			children = (
				AD16834D257A718700913496 /* Modifiers.swift */,
				AD168351257A747700913496 /* Constants.swift */,
				AD8F5689257BDB340081001F /* ImagePicker.swift */,
				AD8F5692257C90B00081001F /* Extensions.swift */,
				AD8F569C257CBDEC0081001F /* AuthService.swift */,
				AD8F569F257CBE380081001F /* StorageService.swift */,
				AD90D4E0257E5CDA00040F4E /* SessionStore.swift */,
			);
			path = Helpers;
			sourceTree = "<group>";
		};
		AD7D02E5257B74C700B176F7 /* Screens */ = {
			isa = PBXGroup;
			children = (
				AD16832D257A3E6500913496 /* SigninView.swift */,
				AD7D02E6257B74DA00B176F7 /* SignupView.swift */,
				AD90D4EA257F21A500040F4E /* HomeView.swift */,
			);
			path = Screens;
			sourceTree = "<group>";
		};
		AD8F568C257C8CEB0081001F /* ViewModel */ = {
			isa = PBXGroup;
			children = (
				AD8F5699257C92910081001F /* SignupViewModel.swift */,
				AD8F56A2257D10B70081001F /* SigninViewModel.swift */,
			);
			path = ViewModel;
			sourceTree = "<group>";
		};
		AD8F568D257C8CF90081001F /* Model */ = {
			isa = PBXGroup;
			children = (
				AD8F568E257C8D0E0081001F /* User.swift */,
			);
			path = Model;
			sourceTree = "<group>";
		};
		AD90D4DF257E5CBF00040F4E /* Initial */ = {
			isa = PBXGroup;
			children = (
				AD90D4DC257E5BEF00040F4E /* InitialView.swift */,
				AD90D4E4257E5F7800040F4E /* MainView.swift */,
			);
			path = Initial;
			sourceTree = "<group>";
		};
/* End PBXGroup section */

/* Begin PBXNativeTarget section */
		AD168327257A3E6500913496 /* instagramswiftui */ = {
			isa = PBXNativeTarget;
			buildConfigurationList = AD168337257A3E6700913496 /* Build configuration list for PBXNativeTarget "instagramswiftui" */;
			buildPhases = (
				AD168324257A3E6500913496 /* Sources */,
				AD168325257A3E6500913496 /* Frameworks */,
				AD168326257A3E6500913496 /* Resources */,
			);
			buildRules = (
			);
			dependencies = (
			);
			name = instagramswiftui;
			packageProductDependencies = (
				AD8F5678257BD6C00081001F /* FirebaseFirestore */,
				AD8F567A257BD6C00081001F /* FirebaseDatabase */,
				AD8F567C257BD6C00081001F /* FirebaseFirestoreSwift-Beta */,
				AD8F567E257BD6C00081001F /* FirebaseStorageSwift-Beta */,
				AD8F5680257BD6C00081001F /* FirebaseStorage */,
				AD8F5682257BD6C00081001F /* FirebaseFunctions */,
				AD8F5684257BD6C00081001F /* FirebaseAuth */,
				AD8F5686257BD6C00081001F /* FirebaseInAppMessaging-Beta */,
			);
			productName = instagramswiftui;
			productReference = AD168328257A3E6500913496 /* instagramswiftui.app */;
			productType = "com.apple.product-type.application";
		};
/* End PBXNativeTarget section */

/* Begin PBXProject section */
		AD168320257A3E6500913496 /* Project object */ = {
			isa = PBXProject;
			attributes = {
				LastSwiftUpdateCheck = 1210;
				LastUpgradeCheck = 1210;
				TargetAttributes = {
					AD168327257A3E6500913496 = {
						CreatedOnToolsVersion = 12.1;
					};
				};
			};
			buildConfigurationList = AD168323257A3E6500913496 /* Build configuration list for PBXProject "instagramswiftui" */;
			compatibilityVersion = "Xcode 9.3";
			developmentRegion = en;
			hasScannedForEncodings = 0;
			knownRegions = (
				en,
				Base,
			);
			mainGroup = AD16831F257A3E6500913496;
			packageReferences = (
				AD8F5677257BD6C00081001F /* XCRemoteSwiftPackageReference "firebase-ios-sdk" */,
			);
			productRefGroup = AD168329257A3E6500913496 /* Products */;
			projectDirPath = "";
			projectRoot = "";
			targets = (
				AD168327257A3E6500913496 /* instagramswiftui */,
			);
		};
/* End PBXProject section */

/* Begin PBXResourcesBuildPhase section */
		AD168326257A3E6500913496 /* Resources */ = {
			isa = PBXResourcesBuildPhase;
			buildActionMask = 2147483647;
			files = (
				AD168333257A3E6700913496 /* Preview Assets.xcassets in Resources */,
				AD168330257A3E6700913496 /* Assets.xcassets in Resources */,
				AD8F5675257BD3110081001F /* GoogleService-Info.plist in Resources */,
			);
			runOnlyForDeploymentPostprocessing = 0;
		};
/* End PBXResourcesBuildPhase section */

/* Begin PBXSourcesBuildPhase section */
		AD168324257A3E6500913496 /* Sources */ = {
			isa = PBXSourcesBuildPhase;
			buildActionMask = 2147483647;
			files = (
				AD8F568F257C8D0F0081001F /* User.swift in Sources */,
				AD90D4E5257E5F7800040F4E /* MainView.swift in Sources */,
				AD168345257A70C000913496 /* PasswordTextField.swift in Sources */,
				AD168348257A70E400913496 /* EmailTextField.swift in Sources */,
				AD16832E257A3E6500913496 /* SigninView.swift in Sources */,
				AD7D02E7257B74DA00B176F7 /* SignupView.swift in Sources */,
				AD16834E257A718700913496 /* Modifiers.swift in Sources */,
				AD90D4E1257E5CDA00040F4E /* SessionStore.swift in Sources */,
				AD8F569A257C92910081001F /* SignupViewModel.swift in Sources */,
				AD90D4E8257F151800040F4E /* SearchBar.swift in Sources */,
				AD16833E257A701200913496 /* SigninButton.swift in Sources */,
				AD7D02EE257B79EB00B176F7 /* SignupButton.swift in Sources */,
				AD16832C257A3E6500913496 /* instagramswiftuiApp.swift in Sources */,
				AD16834B257A711700913496 /* HeaderView.swift in Sources */,
				AD90D4DD257E5BEF00040F4E /* InitialView.swift in Sources */,
				AD8F568A257BDB340081001F /* ImagePicker.swift in Sources */,
				AD8F56A3257D10B70081001F /* SigninViewModel.swift in Sources */,
				AD8F56A0257CBE380081001F /* StorageService.swift in Sources */,
				AD168352257A747700913496 /* Constants.swift in Sources */,
				AD7D02EB257B775F00B176F7 /* UsernameTextField.swift in Sources */,
				AD8F5693257C90B00081001F /* Extensions.swift in Sources */,
				AD90D4EB257F21A500040F4E /* HomeView.swift in Sources */,
				AD8F569D257CBDEC0081001F /* AuthService.swift in Sources */,
				AD90D4EE257F326F00040F4E /* Story.swift in Sources */,
			);
			runOnlyForDeploymentPostprocessing = 0;
		};
/* End PBXSourcesBuildPhase section */

/* Begin XCBuildConfiguration section */
		AD168335257A3E6700913496 /* Debug */ = {
			isa = XCBuildConfiguration;
			buildSettings = {
				ALWAYS_SEARCH_USER_PATHS = NO;
				CLANG_ANALYZER_NONNULL = YES;
				CLANG_ANALYZER_NUMBER_OBJECT_CONVERSION = YES_AGGRESSIVE;
				CLANG_CXX_LANGUAGE_STANDARD = "gnu++14";
				CLANG_CXX_LIBRARY = "libc++";
				CLANG_ENABLE_MODULES = YES;
				CLANG_ENABLE_OBJC_ARC = YES;
				CLANG_ENABLE_OBJC_WEAK = YES;
				CLANG_WARN_BLOCK_CAPTURE_AUTORELEASING = YES;
				CLANG_WARN_BOOL_CONVERSION = YES;
				CLANG_WARN_COMMA = YES;
				CLANG_WARN_CONSTANT_CONVERSION = YES;
				CLANG_WARN_DEPRECATED_OBJC_IMPLEMENTATIONS = YES;
				CLANG_WARN_DIRECT_OBJC_ISA_USAGE = YES_ERROR;
				CLANG_WARN_DOCUMENTATION_COMMENTS = YES;
				CLANG_WARN_EMPTY_BODY = YES;
				CLANG_WARN_ENUM_CONVERSION = YES;
				CLANG_WARN_INFINITE_RECURSION = YES;
				CLANG_WARN_INT_CONVERSION = YES;
				CLANG_WARN_NON_LITERAL_NULL_CONVERSION = YES;
				CLANG_WARN_OBJC_IMPLICIT_RETAIN_SELF = YES;
				CLANG_WARN_OBJC_LITERAL_CONVERSION = YES;
				CLANG_WARN_OBJC_ROOT_CLASS = YES_ERROR;
				CLANG_WARN_QUOTED_INCLUDE_IN_FRAMEWORK_HEADER = YES;
				CLANG_WARN_RANGE_LOOP_ANALYSIS = YES;
				CLANG_WARN_STRICT_PROTOTYPES = YES;
				CLANG_WARN_SUSPICIOUS_MOVE = YES;
				CLANG_WARN_UNGUARDED_AVAILABILITY = YES_AGGRESSIVE;
				CLANG_WARN_UNREACHABLE_CODE = YES;
				CLANG_WARN__DUPLICATE_METHOD_MATCH = YES;
				COPY_PHASE_STRIP = NO;
				DEBUG_INFORMATION_FORMAT = dwarf;
				ENABLE_STRICT_OBJC_MSGSEND = YES;
				ENABLE_TESTABILITY = YES;
				GCC_C_LANGUAGE_STANDARD = gnu11;
				GCC_DYNAMIC_NO_PIC = NO;
				GCC_NO_COMMON_BLOCKS = YES;
				GCC_OPTIMIZATION_LEVEL = 0;
				GCC_PREPROCESSOR_DEFINITIONS = (
					"DEBUG=1",
					"$(inherited)",
				);
				GCC_WARN_64_TO_32_BIT_CONVERSION = YES;
				GCC_WARN_ABOUT_RETURN_TYPE = YES_ERROR;
				GCC_WARN_UNDECLARED_SELECTOR = YES;
				GCC_WARN_UNINITIALIZED_AUTOS = YES_AGGRESSIVE;
				GCC_WARN_UNUSED_FUNCTION = YES;
				GCC_WARN_UNUSED_VARIABLE = YES;
				IPHONEOS_DEPLOYMENT_TARGET = 14.1;
				MTL_ENABLE_DEBUG_INFO = INCLUDE_SOURCE;
				MTL_FAST_MATH = YES;
				ONLY_ACTIVE_ARCH = YES;
				SDKROOT = iphoneos;
				SWIFT_ACTIVE_COMPILATION_CONDITIONS = DEBUG;
				SWIFT_OPTIMIZATION_LEVEL = "-Onone";
			};
			name = Debug;
		};
		AD168336257A3E6700913496 /* Release */ = {
			isa = XCBuildConfiguration;
			buildSettings = {
				ALWAYS_SEARCH_USER_PATHS = NO;
				CLANG_ANALYZER_NONNULL = YES;
				CLANG_ANALYZER_NUMBER_OBJECT_CONVERSION = YES_AGGRESSIVE;
				CLANG_CXX_LANGUAGE_STANDARD = "gnu++14";
				CLANG_CXX_LIBRARY = "libc++";
				CLANG_ENABLE_MODULES = YES;
				CLANG_ENABLE_OBJC_ARC = YES;
				CLANG_ENABLE_OBJC_WEAK = YES;
				CLANG_WARN_BLOCK_CAPTURE_AUTORELEASING = YES;
				CLANG_WARN_BOOL_CONVERSION = YES;
				CLANG_WARN_COMMA = YES;
				CLANG_WARN_CONSTANT_CONVERSION = YES;
				CLANG_WARN_DEPRECATED_OBJC_IMPLEMENTATIONS = YES;
				CLANG_WARN_DIRECT_OBJC_ISA_USAGE = YES_ERROR;
				CLANG_WARN_DOCUMENTATION_COMMENTS = YES;
				CLANG_WARN_EMPTY_BODY = YES;
				CLANG_WARN_ENUM_CONVERSION = YES;
				CLANG_WARN_INFINITE_RECURSION = YES;
				CLANG_WARN_INT_CONVERSION = YES;
				CLANG_WARN_NON_LITERAL_NULL_CONVERSION = YES;
				CLANG_WARN_OBJC_IMPLICIT_RETAIN_SELF = YES;
				CLANG_WARN_OBJC_LITERAL_CONVERSION = YES;
				CLANG_WARN_OBJC_ROOT_CLASS = YES_ERROR;
				CLANG_WARN_QUOTED_INCLUDE_IN_FRAMEWORK_HEADER = YES;
				CLANG_WARN_RANGE_LOOP_ANALYSIS = YES;
				CLANG_WARN_STRICT_PROTOTYPES = YES;
				CLANG_WARN_SUSPICIOUS_MOVE = YES;
				CLANG_WARN_UNGUARDED_AVAILABILITY = YES_AGGRESSIVE;
				CLANG_WARN_UNREACHABLE_CODE = YES;
				CLANG_WARN__DUPLICATE_METHOD_MATCH = YES;
				COPY_PHASE_STRIP = NO;
				DEBUG_INFORMATION_FORMAT = "dwarf-with-dsym";
				ENABLE_NS_ASSERTIONS = NO;
				ENABLE_STRICT_OBJC_MSGSEND = YES;
				GCC_C_LANGUAGE_STANDARD = gnu11;
				GCC_NO_COMMON_BLOCKS = YES;
				GCC_WARN_64_TO_32_BIT_CONVERSION = YES;
				GCC_WARN_ABOUT_RETURN_TYPE = YES_ERROR;
				GCC_WARN_UNDECLARED_SELECTOR = YES;
				GCC_WARN_UNINITIALIZED_AUTOS = YES_AGGRESSIVE;
				GCC_WARN_UNUSED_FUNCTION = YES;
				GCC_WARN_UNUSED_VARIABLE = YES;
				IPHONEOS_DEPLOYMENT_TARGET = 14.1;
				MTL_ENABLE_DEBUG_INFO = NO;
				MTL_FAST_MATH = YES;
				SDKROOT = iphoneos;
				SWIFT_COMPILATION_MODE = wholemodule;
				SWIFT_OPTIMIZATION_LEVEL = "-O";
				VALIDATE_PRODUCT = YES;
			};
			name = Release;
		};
		AD168338257A3E6700913496 /* Debug */ = {
			isa = XCBuildConfiguration;
			buildSettings = {
				ASSETCATALOG_COMPILER_APPICON_NAME = AppIcon;
				ASSETCATALOG_COMPILER_GLOBAL_ACCENT_COLOR_NAME = AccentColor;
				CODE_SIGN_STYLE = Automatic;
				DEVELOPMENT_ASSET_PATHS = "\"instagramswiftui/Preview Content\"";
				DEVELOPMENT_TEAM = Q6K2M7NSZD;
				ENABLE_PREVIEWS = YES;
				INFOPLIST_FILE = instagramswiftui/Info.plist;
				IPHONEOS_DEPLOYMENT_TARGET = 14.0;
				LD_RUNPATH_SEARCH_PATHS = (
					"$(inherited)",
					"@executable_path/Frameworks",
				);
				PRODUCT_BUNDLE_IDENTIFIER = com.meoflauta.instagramswiftui;
				PRODUCT_NAME = "$(TARGET_NAME)";
				SWIFT_VERSION = 5.0;
				TARGETED_DEVICE_FAMILY = "1,2";
			};
			name = Debug;
		};
		AD168339257A3E6700913496 /* Release */ = {
			isa = XCBuildConfiguration;
			buildSettings = {
				ASSETCATALOG_COMPILER_APPICON_NAME = AppIcon;
				ASSETCATALOG_COMPILER_GLOBAL_ACCENT_COLOR_NAME = AccentColor;
				CODE_SIGN_STYLE = Automatic;
				DEVELOPMENT_ASSET_PATHS = "\"instagramswiftui/Preview Content\"";
				DEVELOPMENT_TEAM = Q6K2M7NSZD;
				ENABLE_PREVIEWS = YES;
				INFOPLIST_FILE = instagramswiftui/Info.plist;
				IPHONEOS_DEPLOYMENT_TARGET = 14.0;
				LD_RUNPATH_SEARCH_PATHS = (
					"$(inherited)",
					"@executable_path/Frameworks",
				);
				PRODUCT_BUNDLE_IDENTIFIER = com.meoflauta.instagramswiftui;
				PRODUCT_NAME = "$(TARGET_NAME)";
				SWIFT_VERSION = 5.0;
				TARGETED_DEVICE_FAMILY = "1,2";
			};
			name = Release;
		};
/* End XCBuildConfiguration section */

/* Begin XCConfigurationList section */
		AD168323257A3E6500913496 /* Build configuration list for PBXProject "instagramswiftui" */ = {
			isa = XCConfigurationList;
			buildConfigurations = (
				AD168335257A3E6700913496 /* Debug */,
				AD168336257A3E6700913496 /* Release */,
			);
			defaultConfigurationIsVisible = 0;
			defaultConfigurationName = Release;
		};
		AD168337257A3E6700913496 /* Build configuration list for PBXNativeTarget "instagramswiftui" */ = {
			isa = XCConfigurationList;
			buildConfigurations = (
				AD168338257A3E6700913496 /* Debug */,
				AD168339257A3E6700913496 /* Release */,
			);
			defaultConfigurationIsVisible = 0;
			defaultConfigurationName = Release;
		};
/* End XCConfigurationList section */

/* Begin XCRemoteSwiftPackageReference section */
		AD8F5677257BD6C00081001F /* XCRemoteSwiftPackageReference "firebase-ios-sdk" */ = {
			isa = XCRemoteSwiftPackageReference;
			repositoryURL = "https://github.com/firebase/firebase-ios-sdk.git";
			requirement = {
				kind = upToNextMajorVersion;
				minimumVersion = 7.2.0;
			};
		};
/* End XCRemoteSwiftPackageReference section */

/* Begin XCSwiftPackageProductDependency section */
		AD8F5678257BD6C00081001F /* FirebaseFirestore */ = {
			isa = XCSwiftPackageProductDependency;
			package = AD8F5677257BD6C00081001F /* XCRemoteSwiftPackageReference "firebase-ios-sdk" */;
			productName = FirebaseFirestore;
		};
		AD8F567A257BD6C00081001F /* FirebaseDatabase */ = {
			isa = XCSwiftPackageProductDependency;
			package = AD8F5677257BD6C00081001F /* XCRemoteSwiftPackageReference "firebase-ios-sdk" */;
			productName = FirebaseDatabase;
		};
		AD8F567C257BD6C00081001F /* FirebaseFirestoreSwift-Beta */ = {
			isa = XCSwiftPackageProductDependency;
			package = AD8F5677257BD6C00081001F /* XCRemoteSwiftPackageReference "firebase-ios-sdk" */;
			productName = "FirebaseFirestoreSwift-Beta";
		};
		AD8F567E257BD6C00081001F /* FirebaseStorageSwift-Beta */ = {
			isa = XCSwiftPackageProductDependency;
			package = AD8F5677257BD6C00081001F /* XCRemoteSwiftPackageReference "firebase-ios-sdk" */;
			productName = "FirebaseStorageSwift-Beta";
		};
		AD8F5680257BD6C00081001F /* FirebaseStorage */ = {
			isa = XCSwiftPackageProductDependency;
			package = AD8F5677257BD6C00081001F /* XCRemoteSwiftPackageReference "firebase-ios-sdk" */;
			productName = FirebaseStorage;
		};
		AD8F5682257BD6C00081001F /* FirebaseFunctions */ = {
			isa = XCSwiftPackageProductDependency;
			package = AD8F5677257BD6C00081001F /* XCRemoteSwiftPackageReference "firebase-ios-sdk" */;
			productName = FirebaseFunctions;
		};
		AD8F5684257BD6C00081001F /* FirebaseAuth */ = {
			isa = XCSwiftPackageProductDependency;
			package = AD8F5677257BD6C00081001F /* XCRemoteSwiftPackageReference "firebase-ios-sdk" */;
			productName = FirebaseAuth;
		};
		AD8F5686257BD6C00081001F /* FirebaseInAppMessaging-Beta */ = {
			isa = XCSwiftPackageProductDependency;
			package = AD8F5677257BD6C00081001F /* XCRemoteSwiftPackageReference "firebase-ios-sdk" */;
			productName = "FirebaseInAppMessaging-Beta";
		};
/* End XCSwiftPackageProductDependency section */
	};
	rootObject = AD168320257A3E6500913496 /* Project object */;
}
